// !$*UTF8*$!
{
	archiveVersion = 1;
	classes = {
	};
	objectVersion = 46;
	objects = {

/* Begin PBXBuildFile section */
		8DDD444E138D0EA36EFCCD24 /* Pods_FLP.framework in Frameworks */ = {isa = PBXBuildFile; fileRef = EBB12A428DC754E16E8EAE79 /* Pods_FLP.framework */; };
		C420B8E61E9ED55D0039D81B /* StopMapAnnotation.swift in Sources */ = {isa = PBXBuildFile; fileRef = C420B8E51E9ED55D0039D81B /* StopMapAnnotation.swift */; };
		C420C4D31E79C4B700E4886F /* LoginViewController.swift in Sources */ = {isa = PBXBuildFile; fileRef = C420C4D11E79C4B700E4886F /* LoginViewController.swift */; };
		C420C4D41E79C4B700E4886F /* LoginViewController.xib in Resources */ = {isa = PBXBuildFile; fileRef = C420C4D21E79C4B700E4886F /* LoginViewController.xib */; };
		C44DABC51E56AF12004E6657 /* AppDelegate.swift in Sources */ = {isa = PBXBuildFile; fileRef = C44DABC41E56AF12004E6657 /* AppDelegate.swift */; };
		C44DABCA1E56AF12004E6657 /* Main.storyboard in Resources */ = {isa = PBXBuildFile; fileRef = C44DABC81E56AF12004E6657 /* Main.storyboard */; };
		C44DABCC1E56AF12004E6657 /* Assets.xcassets in Resources */ = {isa = PBXBuildFile; fileRef = C44DABCB1E56AF12004E6657 /* Assets.xcassets */; };
		C44DABCF1E56AF12004E6657 /* LaunchScreen.storyboard in Resources */ = {isa = PBXBuildFile; fileRef = C44DABCD1E56AF12004E6657 /* LaunchScreen.storyboard */; };
		C44DABD71E56AF93004E6657 /* TourCategory.swift in Sources */ = {isa = PBXBuildFile; fileRef = C44DABD61E56AF93004E6657 /* TourCategory.swift */; };
		C44DABDB1E56AFEC004E6657 /* FeaturedController.swift in Sources */ = {isa = PBXBuildFile; fileRef = C44DABDA1E56AFEC004E6657 /* FeaturedController.swift */; };
		C44DABDD1E56B0F5004E6657 /* CategoryCell.swift in Sources */ = {isa = PBXBuildFile; fileRef = C44DABDC1E56B0F5004E6657 /* CategoryCell.swift */; };
		C44DABDF1E56C677004E6657 /* TourCell.swift in Sources */ = {isa = PBXBuildFile; fileRef = C44DABDE1E56C677004E6657 /* TourCell.swift */; };
		C44DABE11E56C6B0004E6657 /* Tour.swift in Sources */ = {isa = PBXBuildFile; fileRef = C44DABE01E56C6B0004E6657 /* Tour.swift */; };
		C46098AD1E7B04D2006A8E0E /* SettingsLauncher.swift in Sources */ = {isa = PBXBuildFile; fileRef = C46098AC1E7B04D2006A8E0E /* SettingsLauncher.swift */; };
		C46098AF1E7B0545006A8E0E /* SettingsCell.swift in Sources */ = {isa = PBXBuildFile; fileRef = C46098AE1E7B0545006A8E0E /* SettingsCell.swift */; };
		C476FDBD1E6F536600015A0A /* MyToursViewController.swift in Sources */ = {isa = PBXBuildFile; fileRef = C476FDBC1E6F536600015A0A /* MyToursViewController.swift */; };
		C476FDC01E6F53EC00015A0A /* AccountHeader.swift in Sources */ = {isa = PBXBuildFile; fileRef = C476FDBF1E6F53EC00015A0A /* AccountHeader.swift */; };
		C491827D1E637D560071B8D1 /* TourDetailController.swift in Sources */ = {isa = PBXBuildFile; fileRef = C491827C1E637D560071B8D1 /* TourDetailController.swift */; };
		C491827F1E6380640071B8D1 /* BaseCell.swift in Sources */ = {isa = PBXBuildFile; fileRef = C491827E1E6380640071B8D1 /* BaseCell.swift */; };
		C49182811E63809D0071B8D1 /* TourDetailHeader.swift in Sources */ = {isa = PBXBuildFile; fileRef = C49182801E63809D0071B8D1 /* TourDetailHeader.swift */; };
		C49182851E6382720071B8D1 /* Extentions.swift in Sources */ = {isa = PBXBuildFile; fileRef = C49182841E6382720071B8D1 /* Extentions.swift */; };
		C49182871E63840F0071B8D1 /* TourDetailDescription.swift in Sources */ = {isa = PBXBuildFile; fileRef = C49182861E63840F0071B8D1 /* TourDetailDescription.swift */; };
		C491828A1E6388420071B8D1 /* TourDetailMap.swift in Sources */ = {isa = PBXBuildFile; fileRef = C49182891E6388420071B8D1 /* TourDetailMap.swift */; };
		C491828C1E63CF450071B8D1 /* TourDetailReviews.swift in Sources */ = {isa = PBXBuildFile; fileRef = C491828B1E63CF450071B8D1 /* TourDetailReviews.swift */; };
		C4BE92591E70B6E900C4F3A0 /* ApiService.swift in Sources */ = {isa = PBXBuildFile; fileRef = C4BE92581E70B6E900C4F3A0 /* ApiService.swift */; };
		C4C87F231E8D939F0048D689 /* RatingView.swift in Sources */ = {isa = PBXBuildFile; fileRef = C4C87F221E8D939F0048D689 /* RatingView.swift */; };
		C4C87F251E8D93DF0048D689 /* ThreeButtonComponent.swift in Sources */ = {isa = PBXBuildFile; fileRef = C4C87F241E8D93DF0048D689 /* ThreeButtonComponent.swift */; };
		C4C87F271E8DC87C0048D689 /* ReviewCell.swift in Sources */ = {isa = PBXBuildFile; fileRef = C4C87F261E8DC87C0048D689 /* ReviewCell.swift */; };
		C4C8FE7B1E720A6300990E42 /* User.swift in Sources */ = {isa = PBXBuildFile; fileRef = C4C8FE7A1E720A6300990E42 /* User.swift */; };
		C4C8FE7D1E72276400990E42 /* Stop.swift in Sources */ = {isa = PBXBuildFile; fileRef = C4C8FE7C1E72276400990E42 /* Stop.swift */; };
		C4C8FE7F1E72278200990E42 /* Review.swift in Sources */ = {isa = PBXBuildFile; fileRef = C4C8FE7E1E72278200990E42 /* Review.swift */; };
		C4C8FE811E722BEC00990E42 /* MyTourCollectionViewCell.swift in Sources */ = {isa = PBXBuildFile; fileRef = C4C8FE801E722BEC00990E42 /* MyTourCollectionViewCell.swift */; };
		C4CEB3FF1EA80957001722E5 /* LeaveReviewViewController.swift in Sources */ = {isa = PBXBuildFile; fileRef = C4CEB3FE1EA80957001722E5 /* LeaveReviewViewController.swift */; };
		C4D4E7C81EA72734001BBC2B /* StopDetailViewController.swift in Sources */ = {isa = PBXBuildFile; fileRef = C4D4E7C71EA72734001BBC2B /* StopDetailViewController.swift */; };
		C4D4E7D11EA72AB1001BBC2B /* DescriptionCell.swift in Sources */ = {isa = PBXBuildFile; fileRef = C4D4E7D01EA72AB1001BBC2B /* DescriptionCell.swift */; };
		C4D4E7D31EA72F5D001BBC2B /* ImagesCell.swift in Sources */ = {isa = PBXBuildFile; fileRef = C4D4E7D21EA72F5D001BBC2B /* ImagesCell.swift */; };
		C4D4E7D51EA731EB001BBC2B /* StopDetailButtonsCell.swift in Sources */ = {isa = PBXBuildFile; fileRef = C4D4E7D41EA731EB001BBC2B /* StopDetailButtonsCell.swift */; };
		C4D744671E88D27D00122A92 /* StopCollectionViewCell.swift in Sources */ = {isa = PBXBuildFile; fileRef = C4D744661E88D27D00122A92 /* StopCollectionViewCell.swift */; };
		C4E295F91E943D24009B2D14 /* MapViewController.swift in Sources */ = {isa = PBXBuildFile; fileRef = C4E295F81E943D24009B2D14 /* MapViewController.swift */; };
		C4EA1D001E88CEC9000CCF2E /* PurchasedTourDetailController.swift in Sources */ = {isa = PBXBuildFile; fileRef = C4EA1CFF1E88CEC9000CCF2E /* PurchasedTourDetailController.swift */; };
		C4EA1D031E88CFC9000CCF2E /* PurchasedTourHeaderCell.swift in Sources */ = {isa = PBXBuildFile; fileRef = C4EA1D021E88CFC8000CCF2E /* PurchasedTourHeaderCell.swift */; };
		C4EC64EB1EAD264C00866098 /* OnboardingViewController.swift in Sources */ = {isa = PBXBuildFile; fileRef = C4EC64EA1EAD264C00866098 /* OnboardingViewController.swift */; };
		C4FBE6DB1EA897CA00D3501E /* SignUpViewController.swift in Sources */ = {isa = PBXBuildFile; fileRef = C4FBE6D91EA897CA00D3501E /* SignUpViewController.swift */; };
		C4FBE6DC1EA897CA00D3501E /* SignUpViewController.xib in Resources */ = {isa = PBXBuildFile; fileRef = C4FBE6DA1EA897CA00D3501E /* SignUpViewController.xib */; };
		C4FBE6DE1EA89D5F00D3501E /* StopTitleDetailCell.swift in Sources */ = {isa = PBXBuildFile; fileRef = C4FBE6DD1EA89D5F00D3501E /* StopTitleDetailCell.swift */; };
/* End PBXBuildFile section */

/* Begin PBXFileReference section */
		0C15B3BDB26F0C86EB5A3677 /* Pods-FLP.debug.xcconfig */ = {isa = PBXFileReference; includeInIndex = 1; lastKnownFileType = text.xcconfig; name = "Pods-FLP.debug.xcconfig"; path = "Pods/Target Support Files/Pods-FLP/Pods-FLP.debug.xcconfig"; sourceTree = "<group>"; };
		C420B8E51E9ED55D0039D81B /* StopMapAnnotation.swift */ = {isa = PBXFileReference; fileEncoding = 4; lastKnownFileType = sourcecode.swift; path = StopMapAnnotation.swift; sourceTree = "<group>"; };
		C420C4D11E79C4B700E4886F /* LoginViewController.swift */ = {isa = PBXFileReference; fileEncoding = 4; lastKnownFileType = sourcecode.swift; path = LoginViewController.swift; sourceTree = "<group>"; };
		C420C4D21E79C4B700E4886F /* LoginViewController.xib */ = {isa = PBXFileReference; fileEncoding = 4; lastKnownFileType = file.xib; path = LoginViewController.xib; sourceTree = "<group>"; };
		C44DABC11E56AF12004E6657 /* FLP.app */ = {isa = PBXFileReference; explicitFileType = wrapper.application; includeInIndex = 0; path = FLP.app; sourceTree = BUILT_PRODUCTS_DIR; };
		C44DABC41E56AF12004E6657 /* AppDelegate.swift */ = {isa = PBXFileReference; lastKnownFileType = sourcecode.swift; path = AppDelegate.swift; sourceTree = "<group>"; };
		C44DABC91E56AF12004E6657 /* Base */ = {isa = PBXFileReference; lastKnownFileType = file.storyboard; name = Base; path = Base.lproj/Main.storyboard; sourceTree = "<group>"; };
		C44DABCB1E56AF12004E6657 /* Assets.xcassets */ = {isa = PBXFileReference; lastKnownFileType = folder.assetcatalog; path = Assets.xcassets; sourceTree = "<group>"; };
		C44DABCE1E56AF12004E6657 /* Base */ = {isa = PBXFileReference; lastKnownFileType = file.storyboard; name = Base; path = Base.lproj/LaunchScreen.storyboard; sourceTree = "<group>"; };
		C44DABD01E56AF12004E6657 /* Info.plist */ = {isa = PBXFileReference; lastKnownFileType = text.plist.xml; path = Info.plist; sourceTree = "<group>"; };
		C44DABD61E56AF93004E6657 /* TourCategory.swift */ = {isa = PBXFileReference; fileEncoding = 4; lastKnownFileType = sourcecode.swift; path = TourCategory.swift; sourceTree = "<group>"; };
		C44DABDA1E56AFEC004E6657 /* FeaturedController.swift */ = {isa = PBXFileReference; fileEncoding = 4; lastKnownFileType = sourcecode.swift; path = FeaturedController.swift; sourceTree = "<group>"; };
		C44DABDC1E56B0F5004E6657 /* CategoryCell.swift */ = {isa = PBXFileReference; fileEncoding = 4; lastKnownFileType = sourcecode.swift; path = CategoryCell.swift; sourceTree = "<group>"; };
		C44DABDE1E56C677004E6657 /* TourCell.swift */ = {isa = PBXFileReference; fileEncoding = 4; lastKnownFileType = sourcecode.swift; path = TourCell.swift; sourceTree = "<group>"; };
		C44DABE01E56C6B0004E6657 /* Tour.swift */ = {isa = PBXFileReference; fileEncoding = 4; lastKnownFileType = sourcecode.swift; path = Tour.swift; sourceTree = "<group>"; };
		C46098AC1E7B04D2006A8E0E /* SettingsLauncher.swift */ = {isa = PBXFileReference; fileEncoding = 4; lastKnownFileType = sourcecode.swift; path = SettingsLauncher.swift; sourceTree = "<group>"; };
		C46098AE1E7B0545006A8E0E /* SettingsCell.swift */ = {isa = PBXFileReference; fileEncoding = 4; lastKnownFileType = sourcecode.swift; path = SettingsCell.swift; sourceTree = "<group>"; };
		C476FDBC1E6F536600015A0A /* MyToursViewController.swift */ = {isa = PBXFileReference; fileEncoding = 4; lastKnownFileType = sourcecode.swift; path = MyToursViewController.swift; sourceTree = "<group>"; };
		C476FDBF1E6F53EC00015A0A /* AccountHeader.swift */ = {isa = PBXFileReference; fileEncoding = 4; lastKnownFileType = sourcecode.swift; path = AccountHeader.swift; sourceTree = "<group>"; };
		C491827C1E637D560071B8D1 /* TourDetailController.swift */ = {isa = PBXFileReference; fileEncoding = 4; lastKnownFileType = sourcecode.swift; path = TourDetailController.swift; sourceTree = "<group>"; };
		C491827E1E6380640071B8D1 /* BaseCell.swift */ = {isa = PBXFileReference; fileEncoding = 4; lastKnownFileType = sourcecode.swift; path = BaseCell.swift; sourceTree = "<group>"; };
		C49182801E63809D0071B8D1 /* TourDetailHeader.swift */ = {isa = PBXFileReference; fileEncoding = 4; lastKnownFileType = sourcecode.swift; path = TourDetailHeader.swift; sourceTree = "<group>"; };
		C49182841E6382720071B8D1 /* Extentions.swift */ = {isa = PBXFileReference; fileEncoding = 4; lastKnownFileType = sourcecode.swift; path = Extentions.swift; sourceTree = "<group>"; };
		C49182861E63840F0071B8D1 /* TourDetailDescription.swift */ = {isa = PBXFileReference; fileEncoding = 4; lastKnownFileType = sourcecode.swift; path = TourDetailDescription.swift; sourceTree = "<group>"; };
		C49182891E6388420071B8D1 /* TourDetailMap.swift */ = {isa = PBXFileReference; fileEncoding = 4; lastKnownFileType = sourcecode.swift; path = TourDetailMap.swift; sourceTree = "<group>"; };
		C491828B1E63CF450071B8D1 /* TourDetailReviews.swift */ = {isa = PBXFileReference; fileEncoding = 4; lastKnownFileType = sourcecode.swift; path = TourDetailReviews.swift; sourceTree = "<group>"; };
		C4BE92581E70B6E900C4F3A0 /* ApiService.swift */ = {isa = PBXFileReference; fileEncoding = 4; lastKnownFileType = sourcecode.swift; path = ApiService.swift; sourceTree = "<group>"; };
		C4C87F221E8D939F0048D689 /* RatingView.swift */ = {isa = PBXFileReference; fileEncoding = 4; lastKnownFileType = sourcecode.swift; path = RatingView.swift; sourceTree = "<group>"; };
		C4C87F241E8D93DF0048D689 /* ThreeButtonComponent.swift */ = {isa = PBXFileReference; fileEncoding = 4; lastKnownFileType = sourcecode.swift; path = ThreeButtonComponent.swift; sourceTree = "<group>"; };
		C4C87F261E8DC87C0048D689 /* ReviewCell.swift */ = {isa = PBXFileReference; fileEncoding = 4; lastKnownFileType = sourcecode.swift; path = ReviewCell.swift; sourceTree = "<group>"; };
		C4C8FE7A1E720A6300990E42 /* User.swift */ = {isa = PBXFileReference; fileEncoding = 4; lastKnownFileType = sourcecode.swift; path = User.swift; sourceTree = "<group>"; };
		C4C8FE7C1E72276400990E42 /* Stop.swift */ = {isa = PBXFileReference; fileEncoding = 4; lastKnownFileType = sourcecode.swift; path = Stop.swift; sourceTree = "<group>"; };
		C4C8FE7E1E72278200990E42 /* Review.swift */ = {isa = PBXFileReference; fileEncoding = 4; lastKnownFileType = sourcecode.swift; path = Review.swift; sourceTree = "<group>"; };
		C4C8FE801E722BEC00990E42 /* MyTourCollectionViewCell.swift */ = {isa = PBXFileReference; fileEncoding = 4; lastKnownFileType = sourcecode.swift; path = MyTourCollectionViewCell.swift; sourceTree = "<group>"; };
		C4CEB3FE1EA80957001722E5 /* LeaveReviewViewController.swift */ = {isa = PBXFileReference; fileEncoding = 4; lastKnownFileType = sourcecode.swift; path = LeaveReviewViewController.swift; sourceTree = "<group>"; };
		C4D4E7C71EA72734001BBC2B /* StopDetailViewController.swift */ = {isa = PBXFileReference; fileEncoding = 4; lastKnownFileType = sourcecode.swift; path = StopDetailViewController.swift; sourceTree = "<group>"; };
		C4D4E7D01EA72AB1001BBC2B /* DescriptionCell.swift */ = {isa = PBXFileReference; fileEncoding = 4; lastKnownFileType = sourcecode.swift; path = DescriptionCell.swift; sourceTree = "<group>"; };
		C4D4E7D21EA72F5D001BBC2B /* ImagesCell.swift */ = {isa = PBXFileReference; fileEncoding = 4; lastKnownFileType = sourcecode.swift; path = ImagesCell.swift; sourceTree = "<group>"; };
		C4D4E7D41EA731EB001BBC2B /* StopDetailButtonsCell.swift */ = {isa = PBXFileReference; fileEncoding = 4; lastKnownFileType = sourcecode.swift; path = StopDetailButtonsCell.swift; sourceTree = "<group>"; };
		C4D744661E88D27D00122A92 /* StopCollectionViewCell.swift */ = {isa = PBXFileReference; fileEncoding = 4; lastKnownFileType = sourcecode.swift; path = StopCollectionViewCell.swift; sourceTree = "<group>"; };
		C4E295F81E943D24009B2D14 /* MapViewController.swift */ = {isa = PBXFileReference; fileEncoding = 4; lastKnownFileType = sourcecode.swift; path = MapViewController.swift; sourceTree = "<group>"; };
		C4EA1CFF1E88CEC9000CCF2E /* PurchasedTourDetailController.swift */ = {isa = PBXFileReference; fileEncoding = 4; lastKnownFileType = sourcecode.swift; path = PurchasedTourDetailController.swift; sourceTree = "<group>"; };
		C4EA1D021E88CFC8000CCF2E /* PurchasedTourHeaderCell.swift */ = {isa = PBXFileReference; fileEncoding = 4; lastKnownFileType = sourcecode.swift; path = PurchasedTourHeaderCell.swift; sourceTree = "<group>"; };
		C4EC64EA1EAD264C00866098 /* OnboardingViewController.swift */ = {isa = PBXFileReference; fileEncoding = 4; lastKnownFileType = sourcecode.swift; path = OnboardingViewController.swift; sourceTree = "<group>"; };
		C4FBE6D91EA897CA00D3501E /* SignUpViewController.swift */ = {isa = PBXFileReference; fileEncoding = 4; lastKnownFileType = sourcecode.swift; path = SignUpViewController.swift; sourceTree = "<group>"; };
		C4FBE6DA1EA897CA00D3501E /* SignUpViewController.xib */ = {isa = PBXFileReference; fileEncoding = 4; lastKnownFileType = file.xib; path = SignUpViewController.xib; sourceTree = "<group>"; };
		C4FBE6DD1EA89D5F00D3501E /* StopTitleDetailCell.swift */ = {isa = PBXFileReference; fileEncoding = 4; lastKnownFileType = sourcecode.swift; path = StopTitleDetailCell.swift; sourceTree = "<group>"; };
		CAA0A8CB03DF9A47D99E8272 /* Pods-FLP.release.xcconfig */ = {isa = PBXFileReference; includeInIndex = 1; lastKnownFileType = text.xcconfig; name = "Pods-FLP.release.xcconfig"; path = "Pods/Target Support Files/Pods-FLP/Pods-FLP.release.xcconfig"; sourceTree = "<group>"; };
		EBB12A428DC754E16E8EAE79 /* Pods_FLP.framework */ = {isa = PBXFileReference; explicitFileType = wrapper.framework; includeInIndex = 0; path = Pods_FLP.framework; sourceTree = BUILT_PRODUCTS_DIR; };
/* End PBXFileReference section */

/* Begin PBXFrameworksBuildPhase section */
		C44DABBE1E56AF12004E6657 /* Frameworks */ = {
			isa = PBXFrameworksBuildPhase;
			buildActionMask = 2147483647;
			files = (
				8DDD444E138D0EA36EFCCD24 /* Pods_FLP.framework in Frameworks */,
			);
			runOnlyForDeploymentPostprocessing = 0;
		};
/* End PBXFrameworksBuildPhase section */

/* Begin PBXGroup section */
		2DBCE199CA56624E59126DB3 /* Frameworks */ = {
			isa = PBXGroup;
			children = (
				EBB12A428DC754E16E8EAE79 /* Pods_FLP.framework */,
			);
			name = Frameworks;
			sourceTree = "<group>";
		};
		AE5A1EE38DF7B58F6CA7A60A /* Pods */ = {
			isa = PBXGroup;
			children = (
				0C15B3BDB26F0C86EB5A3677 /* Pods-FLP.debug.xcconfig */,
				CAA0A8CB03DF9A47D99E8272 /* Pods-FLP.release.xcconfig */,
			);
			name = Pods;
			sourceTree = "<group>";
		};
		C42B6EA71E7860C800DEE277 /* Login */ = {
			isa = PBXGroup;
			children = (
				C420C4D11E79C4B700E4886F /* LoginViewController.swift */,
				C420C4D21E79C4B700E4886F /* LoginViewController.xib */,
				C4FBE6D91EA897CA00D3501E /* SignUpViewController.swift */,
				C4FBE6DA1EA897CA00D3501E /* SignUpViewController.xib */,
				C4EC64EA1EAD264C00866098 /* OnboardingViewController.swift */,
			);
			name = Login;
			sourceTree = "<group>";
		};
		C44DABB81E56AF12004E6657 = {
			isa = PBXGroup;
			children = (
				C44DABC31E56AF12004E6657 /* FLP */,
				C44DABC21E56AF12004E6657 /* Products */,
				AE5A1EE38DF7B58F6CA7A60A /* Pods */,
				2DBCE199CA56624E59126DB3 /* Frameworks */,
			);
			sourceTree = "<group>";
		};
		C44DABC21E56AF12004E6657 /* Products */ = {
			isa = PBXGroup;
			children = (
				C44DABC11E56AF12004E6657 /* FLP.app */,
			);
			name = Products;
			sourceTree = "<group>";
		};
		C44DABC31E56AF12004E6657 /* FLP */ = {
			isa = PBXGroup;
			children = (
				C4BE92581E70B6E900C4F3A0 /* ApiService.swift */,
				C44DABC41E56AF12004E6657 /* AppDelegate.swift */,
				C46C37951E8EFCE300A04002 /* Scenes */,
				C44DABE21E56C6CC004E6657 /* Model */,
				C4C87F211E8D93920048D689 /* UI */,
				C49182841E6382720071B8D1 /* Extentions.swift */,
				C44DABC81E56AF12004E6657 /* Main.storyboard */,
				C44DABCB1E56AF12004E6657 /* Assets.xcassets */,
				C44DABCD1E56AF12004E6657 /* LaunchScreen.storyboard */,
				C44DABD01E56AF12004E6657 /* Info.plist */,
			);
			path = FLP;
			sourceTree = "<group>";
		};
		C44DABE21E56C6CC004E6657 /* Model */ = {
			isa = PBXGroup;
			children = (
				C44DABD61E56AF93004E6657 /* TourCategory.swift */,
				C44DABE01E56C6B0004E6657 /* Tour.swift */,
				C4C8FE7A1E720A6300990E42 /* User.swift */,
				C4C8FE7C1E72276400990E42 /* Stop.swift */,
				C4C8FE7E1E72278200990E42 /* Review.swift */,
			);
			name = Model;
			sourceTree = "<group>";
		};
		C46C37951E8EFCE300A04002 /* Scenes */ = {
			isa = PBXGroup;
			children = (
				C46098AC1E7B04D2006A8E0E /* SettingsLauncher.swift */,
				C46C37961E8EFCEA00A04002 /* Discover */,
				C46C37981E8EFD4400A04002 /* My Tours */,
				C42B6EA71E7860C800DEE277 /* Login */,
			);
			name = Scenes;
			sourceTree = "<group>";
		};
		C46C37961E8EFCEA00A04002 /* Discover */ = {
			isa = PBXGroup;
			children = (
				C4D4E7CE1EA729F7001BBC2B /* Featured */,
				C4D4E7CF1EA72A15001BBC2B /* Tour Detail */,
			);
			name = Discover;
			sourceTree = "<group>";
		};
		C46C37981E8EFD4400A04002 /* My Tours */ = {
			isa = PBXGroup;
			children = (
				C4D4E7CB1EA72945001BBC2B /* Purchased Tours */,
				C4D4E7CC1EA7298D001BBC2B /* Purchased Tour Detail */,
				C4D4E7CD1EA729AA001BBC2B /* Stop Detail */,
				C476FDBF1E6F53EC00015A0A /* AccountHeader.swift */,
			);
			name = "My Tours";
			sourceTree = "<group>";
		};
		C49182831E6380AF0071B8D1 /* Detail View Cells */ = {
			isa = PBXGroup;
			children = (
				C491827E1E6380640071B8D1 /* BaseCell.swift */,
				C49182801E63809D0071B8D1 /* TourDetailHeader.swift */,
				C49182861E63840F0071B8D1 /* TourDetailDescription.swift */,
				C49182891E6388420071B8D1 /* TourDetailMap.swift */,
				C491828B1E63CF450071B8D1 /* TourDetailReviews.swift */,
				C4C87F261E8DC87C0048D689 /* ReviewCell.swift */,
			);
			name = "Detail View Cells";
			sourceTree = "<group>";
		};
		C4C87F211E8D93920048D689 /* UI */ = {
			isa = PBXGroup;
			children = (
				C46098AE1E7B0545006A8E0E /* SettingsCell.swift */,
				C4C87F221E8D939F0048D689 /* RatingView.swift */,
				C4C87F241E8D93DF0048D689 /* ThreeButtonComponent.swift */,
				C420B8E51E9ED55D0039D81B /* StopMapAnnotation.swift */,
			);
			name = UI;
			sourceTree = "<group>";
		};
		C4D4E7C91EA72906001BBC2B /* Stop Detail Cells */ = {
			isa = PBXGroup;
			children = (
				C4D4E7D01EA72AB1001BBC2B /* DescriptionCell.swift */,
				C4D4E7D21EA72F5D001BBC2B /* ImagesCell.swift */,
				C4D4E7D41EA731EB001BBC2B /* StopDetailButtonsCell.swift */,
				C4FBE6DD1EA89D5F00D3501E /* StopTitleDetailCell.swift */,
			);
			name = "Stop Detail Cells";
			sourceTree = "<group>";
		};
		C4D4E7CB1EA72945001BBC2B /* Purchased Tours */ = {
			isa = PBXGroup;
			children = (
				C476FDBC1E6F536600015A0A /* MyToursViewController.swift */,
				C4C8FE801E722BEC00990E42 /* MyTourCollectionViewCell.swift */,
			);
			name = "Purchased Tours";
			sourceTree = "<group>";
		};
		C4D4E7CC1EA7298D001BBC2B /* Purchased Tour Detail */ = {
			isa = PBXGroup;
			children = (
				C4EA1CFF1E88CEC9000CCF2E /* PurchasedTourDetailController.swift */,
				C4E295F81E943D24009B2D14 /* MapViewController.swift */,
				C4EA1D021E88CFC8000CCF2E /* PurchasedTourHeaderCell.swift */,
				C4D744661E88D27D00122A92 /* StopCollectionViewCell.swift */,
				C4CEB3FE1EA80957001722E5 /* LeaveReviewViewController.swift */,
			);
			name = "Purchased Tour Detail";
			sourceTree = "<group>";
		};
		C4D4E7CD1EA729AA001BBC2B /* Stop Detail */ = {
			isa = PBXGroup;
			children = (
				C4D4E7C71EA72734001BBC2B /* StopDetailViewController.swift */,
				C4D4E7C91EA72906001BBC2B /* Stop Detail Cells */,
			);
			name = "Stop Detail";
			sourceTree = "<group>";
		};
		C4D4E7CE1EA729F7001BBC2B /* Featured */ = {
			isa = PBXGroup;
			children = (
				C44DABDA1E56AFEC004E6657 /* FeaturedController.swift */,
				C44DABDC1E56B0F5004E6657 /* CategoryCell.swift */,
				C44DABDE1E56C677004E6657 /* TourCell.swift */,
			);
			name = Featured;
			sourceTree = "<group>";
		};
		C4D4E7CF1EA72A15001BBC2B /* Tour Detail */ = {
			isa = PBXGroup;
			children = (
				C491827C1E637D560071B8D1 /* TourDetailController.swift */,
				C49182831E6380AF0071B8D1 /* Detail View Cells */,
			);
			name = "Tour Detail";
			sourceTree = "<group>";
		};
/* End PBXGroup section */

/* Begin PBXNativeTarget section */
		C44DABC01E56AF12004E6657 /* FLP */ = {
			isa = PBXNativeTarget;
			buildConfigurationList = C44DABD31E56AF12004E6657 /* Build configuration list for PBXNativeTarget "FLP" */;
			buildPhases = (
				0B2F72020A1190C86D486057 /* [CP] Check Pods Manifest.lock */,
				C44DABBD1E56AF12004E6657 /* Sources */,
				C44DABBE1E56AF12004E6657 /* Frameworks */,
				C44DABBF1E56AF12004E6657 /* Resources */,
				C19DBDCE24E1BCD2E93BE321 /* [CP] Embed Pods Frameworks */,
				36F93405BB95678BFA82FB47 /* [CP] Copy Pods Resources */,
			);
			buildRules = (
			);
			dependencies = (
			);
			name = FLP;
			productName = FLP;
			productReference = C44DABC11E56AF12004E6657 /* FLP.app */;
			productType = "com.apple.product-type.application";
		};
/* End PBXNativeTarget section */

/* Begin PBXProject section */
		C44DABB91E56AF12004E6657 /* Project object */ = {
			isa = PBXProject;
			attributes = {
				LastSwiftUpdateCheck = 0820;
				LastUpgradeCheck = 0830;
				ORGANIZATIONNAME = "Bob De Kort";
				TargetAttributes = {
					C44DABC01E56AF12004E6657 = {
						CreatedOnToolsVersion = 8.2.1;
						DevelopmentTeam = 3FX26JCU7E;
						ProvisioningStyle = Automatic;
					};
				};
			};
			buildConfigurationList = C44DABBC1E56AF12004E6657 /* Build configuration list for PBXProject "FLP" */;
			compatibilityVersion = "Xcode 3.2";
			developmentRegion = English;
			hasScannedForEncodings = 0;
			knownRegions = (
				en,
				Base,
			);
			mainGroup = C44DABB81E56AF12004E6657;
			productRefGroup = C44DABC21E56AF12004E6657 /* Products */;
			projectDirPath = "";
			projectRoot = "";
			targets = (
				C44DABC01E56AF12004E6657 /* FLP */,
			);
		};
/* End PBXProject section */

/* Begin PBXResourcesBuildPhase section */
		C44DABBF1E56AF12004E6657 /* Resources */ = {
			isa = PBXResourcesBuildPhase;
			buildActionMask = 2147483647;
			files = (
				C4FBE6DC1EA897CA00D3501E /* SignUpViewController.xib in Resources */,
				C44DABCF1E56AF12004E6657 /* LaunchScreen.storyboard in Resources */,
				C420C4D41E79C4B700E4886F /* LoginViewController.xib in Resources */,
				C44DABCC1E56AF12004E6657 /* Assets.xcassets in Resources */,
				C44DABCA1E56AF12004E6657 /* Main.storyboard in Resources */,
			);
			runOnlyForDeploymentPostprocessing = 0;
		};
/* End PBXResourcesBuildPhase section */

/* Begin PBXShellScriptBuildPhase section */
		0B2F72020A1190C86D486057 /* [CP] Check Pods Manifest.lock */ = {
			isa = PBXShellScriptBuildPhase;
			buildActionMask = 2147483647;
			files = (
			);
			inputPaths = (
			);
			name = "[CP] Check Pods Manifest.lock";
			outputPaths = (
			);
			runOnlyForDeploymentPostprocessing = 0;
			shellPath = /bin/sh;
			shellScript = "diff \"${PODS_ROOT}/../Podfile.lock\" \"${PODS_ROOT}/Manifest.lock\" > /dev/null\nif [ $? != 0 ] ; then\n    # print error to STDERR\n    echo \"error: The sandbox is not in sync with the Podfile.lock. Run 'pod install' or update your CocoaPods installation.\" >&2\n    exit 1\nfi\n";
			showEnvVarsInLog = 0;
		};
		36F93405BB95678BFA82FB47 /* [CP] Copy Pods Resources */ = {
			isa = PBXShellScriptBuildPhase;
			buildActionMask = 2147483647;
			files = (
			);
			inputPaths = (
			);
			name = "[CP] Copy Pods Resources";
			outputPaths = (
			);
			runOnlyForDeploymentPostprocessing = 0;
			shellPath = /bin/sh;
			shellScript = "\"${SRCROOT}/Pods/Target Support Files/Pods-FLP/Pods-FLP-resources.sh\"\n";
			showEnvVarsInLog = 0;
		};
		C19DBDCE24E1BCD2E93BE321 /* [CP] Embed Pods Frameworks */ = {
			isa = PBXShellScriptBuildPhase;
			buildActionMask = 2147483647;
			files = (
			);
			inputPaths = (
			);
			name = "[CP] Embed Pods Frameworks";
			outputPaths = (
			);
			runOnlyForDeploymentPostprocessing = 0;
			shellPath = /bin/sh;
			shellScript = "\"${SRCROOT}/Pods/Target Support Files/Pods-FLP/Pods-FLP-frameworks.sh\"\n";
			showEnvVarsInLog = 0;
		};
/* End PBXShellScriptBuildPhase section */

/* Begin PBXSourcesBuildPhase section */
		C44DABBD1E56AF12004E6657 /* Sources */ = {
			isa = PBXSourcesBuildPhase;
			buildActionMask = 2147483647;
			files = (
				C44DABE11E56C6B0004E6657 /* Tour.swift in Sources */,
				C491827D1E637D560071B8D1 /* TourDetailController.swift in Sources */,
				C4D4E7D11EA72AB1001BBC2B /* DescriptionCell.swift in Sources */,
				C4C8FE7F1E72278200990E42 /* Review.swift in Sources */,
				C4D744671E88D27D00122A92 /* StopCollectionViewCell.swift in Sources */,
				C4EA1D031E88CFC9000CCF2E /* PurchasedTourHeaderCell.swift in Sources */,
				C4C87F271E8DC87C0048D689 /* ReviewCell.swift in Sources */,
				C476FDBD1E6F536600015A0A /* MyToursViewController.swift in Sources */,
				C49182811E63809D0071B8D1 /* TourDetailHeader.swift in Sources */,
				C4EA1D001E88CEC9000CCF2E /* PurchasedTourDetailController.swift in Sources */,
				C491828C1E63CF450071B8D1 /* TourDetailReviews.swift in Sources */,
				C44DABD71E56AF93004E6657 /* TourCategory.swift in Sources */,
				C4C8FE7D1E72276400990E42 /* Stop.swift in Sources */,
				C4EC64EB1EAD264C00866098 /* OnboardingViewController.swift in Sources */,
				C44DABDB1E56AFEC004E6657 /* FeaturedController.swift in Sources */,
				C4C87F251E8D93DF0048D689 /* ThreeButtonComponent.swift in Sources */,
				C476FDC01E6F53EC00015A0A /* AccountHeader.swift in Sources */,
				C44DABC51E56AF12004E6657 /* AppDelegate.swift in Sources */,
				C420B8E61E9ED55D0039D81B /* StopMapAnnotation.swift in Sources */,
				C49182851E6382720071B8D1 /* Extentions.swift in Sources */,
				C44DABDD1E56B0F5004E6657 /* CategoryCell.swift in Sources */,
				C4D4E7D51EA731EB001BBC2B /* StopDetailButtonsCell.swift in Sources */,
				C46098AF1E7B0545006A8E0E /* SettingsCell.swift in Sources */,
				C4D4E7C81EA72734001BBC2B /* StopDetailViewController.swift in Sources */,
				C491827F1E6380640071B8D1 /* BaseCell.swift in Sources */,
				C4BE92591E70B6E900C4F3A0 /* ApiService.swift in Sources */,
				C491828A1E6388420071B8D1 /* TourDetailMap.swift in Sources */,
				C4C8FE811E722BEC00990E42 /* MyTourCollectionViewCell.swift in Sources */,
				C44DABDF1E56C677004E6657 /* TourCell.swift in Sources */,
				C4CEB3FF1EA80957001722E5 /* LeaveReviewViewController.swift in Sources */,
				C46098AD1E7B04D2006A8E0E /* SettingsLauncher.swift in Sources */,
				C4E295F91E943D24009B2D14 /* MapViewController.swift in Sources */,
				C49182871E63840F0071B8D1 /* TourDetailDescription.swift in Sources */,
				C420C4D31E79C4B700E4886F /* LoginViewController.swift in Sources */,
				C4D4E7D31EA72F5D001BBC2B /* ImagesCell.swift in Sources */,
				C4C87F231E8D939F0048D689 /* RatingView.swift in Sources */,
				C4FBE6DE1EA89D5F00D3501E /* StopTitleDetailCell.swift in Sources */,
				C4C8FE7B1E720A6300990E42 /* User.swift in Sources */,
				C4FBE6DB1EA897CA00D3501E /* SignUpViewController.swift in Sources */,
			);
			runOnlyForDeploymentPostprocessing = 0;
		};
/* End PBXSourcesBuildPhase section */

/* Begin PBXVariantGroup section */
		C44DABC81E56AF12004E6657 /* Main.storyboard */ = {
			isa = PBXVariantGroup;
			children = (
				C44DABC91E56AF12004E6657 /* Base */,
			);
			name = Main.storyboard;
			sourceTree = "<group>";
		};
		C44DABCD1E56AF12004E6657 /* LaunchScreen.storyboard */ = {
			isa = PBXVariantGroup;
			children = (
				C44DABCE1E56AF12004E6657 /* Base */,
			);
			name = LaunchScreen.storyboard;
			sourceTree = "<group>";
		};
/* End PBXVariantGroup section */

/* Begin XCBuildConfiguration section */
		C44DABD11E56AF12004E6657 /* Debug */ = {
			isa = XCBuildConfiguration;
			buildSettings = {
				ALWAYS_SEARCH_USER_PATHS = NO;
				CLANG_ANALYZER_NONNULL = YES;
				CLANG_CXX_LANGUAGE_STANDARD = "gnu++0x";
				CLANG_CXX_LIBRARY = "libc++";
				CLANG_ENABLE_MODULES = YES;
				CLANG_ENABLE_OBJC_ARC = YES;
				CLANG_WARN_BOOL_CONVERSION = YES;
				CLANG_WARN_CONSTANT_CONVERSION = YES;
				CLANG_WARN_DIRECT_OBJC_ISA_USAGE = YES_ERROR;
				CLANG_WARN_DOCUMENTATION_COMMENTS = YES;
				CLANG_WARN_EMPTY_BODY = YES;
				CLANG_WARN_ENUM_CONVERSION = YES;
				CLANG_WARN_INFINITE_RECURSION = YES;
				CLANG_WARN_INT_CONVERSION = YES;
				CLANG_WARN_OBJC_ROOT_CLASS = YES_ERROR;
				CLANG_WARN_SUSPICIOUS_MOVE = YES;
				CLANG_WARN_UNREACHABLE_CODE = YES;
				CLANG_WARN__DUPLICATE_METHOD_MATCH = YES;
				"CODE_SIGN_IDENTITY[sdk=iphoneos*]" = "iPhone Developer";
				COPY_PHASE_STRIP = NO;
				DEBUG_INFORMATION_FORMAT = dwarf;
				ENABLE_STRICT_OBJC_MSGSEND = YES;
				ENABLE_TESTABILITY = YES;
				GCC_C_LANGUAGE_STANDARD = gnu99;
				GCC_DYNAMIC_NO_PIC = NO;
				GCC_NO_COMMON_BLOCKS = YES;
				GCC_OPTIMIZATION_LEVEL = 0;
				GCC_PREPROCESSOR_DEFINITIONS = (
					"DEBUG=1",
					"$(inherited)",
				);
				GCC_WARN_64_TO_32_BIT_CONVERSION = YES;
				GCC_WARN_ABOUT_RETURN_TYPE = YES_ERROR;
				GCC_WARN_UNDECLARED_SELECTOR = YES;
				GCC_WARN_UNINITIALIZED_AUTOS = YES_AGGRESSIVE;
				GCC_WARN_UNUSED_FUNCTION = YES;
				GCC_WARN_UNUSED_VARIABLE = YES;
				IPHONEOS_DEPLOYMENT_TARGET = 10.2;
				MTL_ENABLE_DEBUG_INFO = YES;
				ONLY_ACTIVE_ARCH = YES;
				SDKROOT = iphoneos;
				SWIFT_ACTIVE_COMPILATION_CONDITIONS = DEBUG;
				SWIFT_OPTIMIZATION_LEVEL = "-Onone";
				TARGETED_DEVICE_FAMILY = "1,2";
			};
			name = Debug;
		};
		C44DABD21E56AF12004E6657 /* Release */ = {
			isa = XCBuildConfiguration;
			buildSettings = {
				ALWAYS_SEARCH_USER_PATHS = NO;
				CLANG_ANALYZER_NONNULL = YES;
				CLANG_CXX_LANGUAGE_STANDARD = "gnu++0x";
				CLANG_CXX_LIBRARY = "libc++";
				CLANG_ENABLE_MODULES = YES;
				CLANG_ENABLE_OBJC_ARC = YES;
				CLANG_WARN_BOOL_CONVERSION = YES;
				CLANG_WARN_CONSTANT_CONVERSION = YES;
				CLANG_WARN_DIRECT_OBJC_ISA_USAGE = YES_ERROR;
				CLANG_WARN_DOCUMENTATION_COMMENTS = YES;
				CLANG_WARN_EMPTY_BODY = YES;
				CLANG_WARN_ENUM_CONVERSION = YES;
				CLANG_WARN_INFINITE_RECURSION = YES;
				CLANG_WARN_INT_CONVERSION = YES;
				CLANG_WARN_OBJC_ROOT_CLASS = YES_ERROR;
				CLANG_WARN_SUSPICIOUS_MOVE = YES;
				CLANG_WARN_UNREACHABLE_CODE = YES;
				CLANG_WARN__DUPLICATE_METHOD_MATCH = YES;
				"CODE_SIGN_IDENTITY[sdk=iphoneos*]" = "iPhone Developer";
				COPY_PHASE_STRIP = NO;
				DEBUG_INFORMATION_FORMAT = "dwarf-with-dsym";
				ENABLE_NS_ASSERTIONS = NO;
				ENABLE_STRICT_OBJC_MSGSEND = YES;
				GCC_C_LANGUAGE_STANDARD = gnu99;
				GCC_NO_COMMON_BLOCKS = YES;
				GCC_WARN_64_TO_32_BIT_CONVERSION = YES;
				GCC_WARN_ABOUT_RETURN_TYPE = YES_ERROR;
				GCC_WARN_UNDECLARED_SELECTOR = YES;
				GCC_WARN_UNINITIALIZED_AUTOS = YES_AGGRESSIVE;
				GCC_WARN_UNUSED_FUNCTION = YES;
				GCC_WARN_UNUSED_VARIABLE = YES;
				IPHONEOS_DEPLOYMENT_TARGET = 10.2;
				MTL_ENABLE_DEBUG_INFO = NO;
				SDKROOT = iphoneos;
				SWIFT_OPTIMIZATION_LEVEL = "-Owholemodule";
				TARGETED_DEVICE_FAMILY = "1,2";
				VALIDATE_PRODUCT = YES;
			};
			name = Release;
		};
		C44DABD41E56AF12004E6657 /* Debug */ = {
			isa = XCBuildConfiguration;
			baseConfigurationReference = 0C15B3BDB26F0C86EB5A3677 /* Pods-FLP.debug.xcconfig */;
			buildSettings = {
				ALWAYS_EMBED_SWIFT_STANDARD_LIBRARIES = YES;
				ASSETCATALOG_COMPILER_APPICON_NAME = AppIcon;
				DEVELOPMENT_TEAM = 3FX26JCU7E;
				INFOPLIST_FILE = FLP/Info.plist;
				IPHONEOS_DEPLOYMENT_TARGET = 10.0;
				LD_RUNPATH_SEARCH_PATHS = "$(inherited) @executable_path/Frameworks";
				PRODUCT_BUNDLE_IDENTIFIER = "Bob-De-Kort.FLP";
				PRODUCT_NAME = "$(TARGET_NAME)";
				SWIFT_VERSION = 3.0;
			};
			name = Debug;
		};
		C44DABD51E56AF12004E6657 /* Release */ = {
			isa = XCBuildConfiguration;
			baseConfigurationReference = CAA0A8CB03DF9A47D99E8272 /* Pods-FLP.release.xcconfig */;
			buildSettings = {
				ALWAYS_EMBED_SWIFT_STANDARD_LIBRARIES = YES;
				ASSETCATALOG_COMPILER_APPICON_NAME = AppIcon;
				DEVELOPMENT_TEAM = 3FX26JCU7E;
				INFOPLIST_FILE = FLP/Info.plist;
				IPHONEOS_DEPLOYMENT_TARGET = 10.0;
				LD_RUNPATH_SEARCH_PATHS = "$(inherited) @executable_path/Frameworks";
				PRODUCT_BUNDLE_IDENTIFIER = "Bob-De-Kort.FLP";
				PRODUCT_NAME = "$(TARGET_NAME)";
				SWIFT_VERSION = 3.0;
			};
			name = Release;
		};
/* End XCBuildConfiguration section */

/* Begin XCConfigurationList section */
		C44DABBC1E56AF12004E6657 /* Build configuration list for PBXProject "FLP" */ = {
			isa = XCConfigurationList;
			buildConfigurations = (
				C44DABD11E56AF12004E6657 /* Debug */,
				C44DABD21E56AF12004E6657 /* Release */,
			);
			defaultConfigurationIsVisible = 0;
			defaultConfigurationName = Release;
		};
		C44DABD31E56AF12004E6657 /* Build configuration list for PBXNativeTarget "FLP" */ = {
			isa = XCConfigurationList;
			buildConfigurations = (
				C44DABD41E56AF12004E6657 /* Debug */,
				C44DABD51E56AF12004E6657 /* Release */,
			);
			defaultConfigurationIsVisible = 0;
			defaultConfigurationName = Release;
		};
/* End XCConfigurationList section */
	};
	rootObject = C44DABB91E56AF12004E6657 /* Project object */;
}
